# This file is automatically @generated by Cargo.
# It is not intended for manual editing.
version = 4

[[package]]
name = "oil_ast"
version = "0.1.0"
dependencies = [
 "oil_common",
 "oil_lex",
]

[[package]]
name = "oil_common"
version = "0.1.0"

[[package]]
name = "oil_lex"
version = "0.1.0"
dependencies = [
 "oil_common",
]

[[package]]
name = "oil_parse"
version = "0.1.0"
dependencies = [
 "oil_ast",
 "oil_common",
 "oil_lex",
]
